
Microsoft Visual Studio Solution File, Format Version 12.00
# Visual Studio Version 17
VisualStudioVersion = 17.7.34024.191
MinimumVisualStudioVersion = 10.0.40219.1
Project("{FAE04EC0-301F-11D3-BF4B-00C04F79EFBC}") = "ifelse,", "ifelse,.csproj", "{73910428-9B07-4157-89C3-00EF27C845DD}"
EndProject
Global
	GlobalSection(SolutionConfigurationPlatforms) = preSolution
		Debug|Any CPU = Debug|Any CPU
		Release|Any CPU = Release|Any CPU
	EndGlobalSection
	GlobalSection(ProjectConfigurationPlatforms) = postSolution
		{73910428-9B07-4157-89C3-00EF27C845DD}.Debug|Any CPU.ActiveCfg = Debug|Any CPU
		{73910428-9B07-4157-89C3-00EF27C845DD}.Debug|Any CPU.Build.0 = Debug|Any CPU
		{73910428-9B07-4157-89C3-00EF27C845DD}.Release|Any CPU.ActiveCfg = Release|Any CPU
		{73910428-9B07-4157-89C3-00EF27C845DD}.Release|Any CPU.Build.0 = Release|Any CPU
	EndGlobalSection
	GlobalSection(SolutionProperties) = preSolution
		HideSolutionNode = FALSE
	EndGlobalSection
	GlobalSection(ExtensibilityGlobals) = postSolution
		SolutionGuid = {DC7A071A-DE31-4E30-BB57-F1F1BDE6DD0D}
	EndGlobalSection
EndGlobal
